
Microsoft Visual Studio Solution File, Format Version 11.00
# Visual Studio 2010
Project("{FAE04EC0-301F-11D3-BF4B-00C04F79EFBC}") = "PayRollsystem", "PayRollsystem\PayRollsystem.csproj", "{6F439A58-0A7F-4D05-90C3-48A0C391E518}"
EndProject
Project("{FAE04EC0-301F-11D3-BF4B-00C04F79EFBC}") = "DataAccess", "DataAccess\DataAccess.csproj", "{BE5E9E74-979A-49A9-8543-682B3AADEEFB}"
EndProject
Global
	GlobalSection(SolutionConfigurationPlatforms) = preSolution
		Debug|Any CPU = Debug|Any CPU
		Release|Any CPU = Release|Any CPU
	EndGlobalSection
	GlobalSection(ProjectConfigurationPlatforms) = postSolution
		{6F439A58-0A7F-4D05-90C3-48A0C391E518}.Debug|Any CPU.ActiveCfg = Debug|Any CPU
		{6F439A58-0A7F-4D05-90C3-48A0C391E518}.Debug|Any CPU.Build.0 = Debug|Any CPU
		{6F439A58-0A7F-4D05-90C3-48A0C391E518}.Release|Any CPU.ActiveCfg = Release|Any CPU
		{6F439A58-0A7F-4D05-90C3-48A0C391E518}.Release|Any CPU.Build.0 = Release|Any CPU
		{BE5E9E74-979A-49A9-8543-682B3AADEEFB}.Debug|Any CPU.ActiveCfg = Debug|Any CPU
		{BE5E9E74-979A-49A9-8543-682B3AADEEFB}.Debug|Any CPU.Build.0 = Debug|Any CPU
		{BE5E9E74-979A-49A9-8543-682B3AADEEFB}.Release|Any CPU.ActiveCfg = Release|Any CPU
		{BE5E9E74-979A-49A9-8543-682B3AADEEFB}.Release|Any CPU.Build.0 = Release|Any CPU
	EndGlobalSection
	GlobalSection(SolutionProperties) = preSolution
		HideSolutionNode = FALSE
	EndGlobalSection
EndGlobal
